
Microsoft Visual Studio Solution File, Format Version 12.00
# Visual Studio Version 16
VisualStudioVersion = 16.0.31729.503
MinimumVisualStudioVersion = 10.0.40219.1
Project("{FAE04EC0-301F-11D3-BF4B-00C04F79EFBC}") = "GD_2021_UserInterface", "GD_2021_UserInterface\GD_2021_UserInterface.csproj", "{6447E27D-EE21-4C95-83BD-8E469C1F5B60}"
EndProject
Global
	GlobalSection(SolutionConfigurationPlatforms) = preSolution
		Debug|Any CPU = Debug|Any CPU
		Release|Any CPU = Release|Any CPU
	EndGlobalSection
	GlobalSection(ProjectConfigurationPlatforms) = postSolution
		{6447E27D-EE21-4C95-83BD-8E469C1F5B60}.Debug|Any CPU.ActiveCfg = Debug|Any CPU
		{6447E27D-EE21-4C95-83BD-8E469C1F5B60}.Debug|Any CPU.Build.0 = Debug|Any CPU
		{6447E27D-EE21-4C95-83BD-8E469C1F5B60}.Release|Any CPU.ActiveCfg = Release|Any CPU
		{6447E27D-EE21-4C95-83BD-8E469C1F5B60}.Release|Any CPU.Build.0 = Release|Any CPU
	EndGlobalSection
	GlobalSection(SolutionProperties) = preSolution
		HideSolutionNode = FALSE
	EndGlobalSection
	GlobalSection(ExtensibilityGlobals) = postSolution
		SolutionGuid = {78A8103E-D975-400C-B00C-1B00D02DA925}
	EndGlobalSection
EndGlobal
